
Microsoft Visual Studio Solution File, Format Version 12.00
# Visual Studio Version 16
VisualStudioVersion = 16.0.30804.86
MinimumVisualStudioVersion = 10.0.40219.1
Project("{FAE04EC0-301F-11D3-BF4B-00C04F79EFBC}") = "Block4_Task4", "Block4_Task4\Block4_Task4.csproj", "{51B2758A-F77B-406F-8ABB-DABB23D94E23}"
EndProject
Global
	GlobalSection(SolutionConfigurationPlatforms) = preSolution
		Debug|Any CPU = Debug|Any CPU
		Release|Any CPU = Release|Any CPU
	EndGlobalSection
	GlobalSection(ProjectConfigurationPlatforms) = postSolution
		{51B2758A-F77B-406F-8ABB-DABB23D94E23}.Debug|Any CPU.ActiveCfg = Debug|Any CPU
		{51B2758A-F77B-406F-8ABB-DABB23D94E23}.Debug|Any CPU.Build.0 = Debug|Any CPU
		{51B2758A-F77B-406F-8ABB-DABB23D94E23}.Release|Any CPU.ActiveCfg = Release|Any CPU
		{51B2758A-F77B-406F-8ABB-DABB23D94E23}.Release|Any CPU.Build.0 = Release|Any CPU
	EndGlobalSection
	GlobalSection(SolutionProperties) = preSolution
		HideSolutionNode = FALSE
	EndGlobalSection
	GlobalSection(ExtensibilityGlobals) = postSolution
		SolutionGuid = {E9A5D219-6FC0-48CD-BF50-2296D691181D}
	EndGlobalSection
EndGlobal
