
Microsoft Visual Studio Solution File, Format Version 12.00
# Visual Studio Version 16
VisualStudioVersion = 16.0.30804.86
MinimumVisualStudioVersion = 10.0.40219.1
Project("{FAE04EC0-301F-11D3-BF4B-00C04F79EFBC}") = "Block2_Task1", "Block2_Task1.csproj", "{51DC0C09-2762-4DEA-84BB-CC1BC150383D}"
EndProject
Global
	GlobalSection(SolutionConfigurationPlatforms) = preSolution
		Debug|Any CPU = Debug|Any CPU
		Release|Any CPU = Release|Any CPU
	EndGlobalSection
	GlobalSection(ProjectConfigurationPlatforms) = postSolution
		{51DC0C09-2762-4DEA-84BB-CC1BC150383D}.Debug|Any CPU.ActiveCfg = Debug|Any CPU
		{51DC0C09-2762-4DEA-84BB-CC1BC150383D}.Debug|Any CPU.Build.0 = Debug|Any CPU
		{51DC0C09-2762-4DEA-84BB-CC1BC150383D}.Release|Any CPU.ActiveCfg = Release|Any CPU
		{51DC0C09-2762-4DEA-84BB-CC1BC150383D}.Release|Any CPU.Build.0 = Release|Any CPU
	EndGlobalSection
	GlobalSection(SolutionProperties) = preSolution
		HideSolutionNode = FALSE
	EndGlobalSection
	GlobalSection(ExtensibilityGlobals) = postSolution
		SolutionGuid = {E95DE474-E6C7-47F3-B2C1-CF03F311D311}
	EndGlobalSection
EndGlobal
