
Microsoft Visual Studio Solution File, Format Version 12.00
# Visual Studio Version 16
VisualStudioVersion = 16.0.30804.86
MinimumVisualStudioVersion = 10.0.40219.1
Project("{FAE04EC0-301F-11D3-BF4B-00C04F79EFBC}") = "Block3_Task2", "Block3_Task2\Block3_Task2.csproj", "{247A603C-BB16-4E88-B0A1-3F6BAA8207B2}"
EndProject
Global
	GlobalSection(SolutionConfigurationPlatforms) = preSolution
		Debug|Any CPU = Debug|Any CPU
		Release|Any CPU = Release|Any CPU
	EndGlobalSection
	GlobalSection(ProjectConfigurationPlatforms) = postSolution
		{247A603C-BB16-4E88-B0A1-3F6BAA8207B2}.Debug|Any CPU.ActiveCfg = Debug|Any CPU
		{247A603C-BB16-4E88-B0A1-3F6BAA8207B2}.Debug|Any CPU.Build.0 = Debug|Any CPU
		{247A603C-BB16-4E88-B0A1-3F6BAA8207B2}.Release|Any CPU.ActiveCfg = Release|Any CPU
		{247A603C-BB16-4E88-B0A1-3F6BAA8207B2}.Release|Any CPU.Build.0 = Release|Any CPU
	EndGlobalSection
	GlobalSection(SolutionProperties) = preSolution
		HideSolutionNode = FALSE
	EndGlobalSection
	GlobalSection(ExtensibilityGlobals) = postSolution
		SolutionGuid = {6FA974E3-1960-4329-B48B-06A4D7490381}
	EndGlobalSection
EndGlobal
