
Microsoft Visual Studio Solution File, Format Version 12.00
# Visual Studio Version 16
VisualStudioVersion = 16.0.31005.135
MinimumVisualStudioVersion = 10.0.40219.1
Project("{FAE04EC0-301F-11D3-BF4B-00C04F79EFBC}") = "Lesson1_Task1", "ConsoleApp1\Lesson1_Task1.csproj", "{FBC82D36-6070-42FE-98C0-65964805E605}"
EndProject
Global
	GlobalSection(SolutionConfigurationPlatforms) = preSolution
		Debug|Any CPU = Debug|Any CPU
		Release|Any CPU = Release|Any CPU
	EndGlobalSection
	GlobalSection(ProjectConfigurationPlatforms) = postSolution
		{FBC82D36-6070-42FE-98C0-65964805E605}.Debug|Any CPU.ActiveCfg = Debug|Any CPU
		{FBC82D36-6070-42FE-98C0-65964805E605}.Debug|Any CPU.Build.0 = Debug|Any CPU
		{FBC82D36-6070-42FE-98C0-65964805E605}.Release|Any CPU.ActiveCfg = Release|Any CPU
		{FBC82D36-6070-42FE-98C0-65964805E605}.Release|Any CPU.Build.0 = Release|Any CPU
	EndGlobalSection
	GlobalSection(SolutionProperties) = preSolution
		HideSolutionNode = FALSE
	EndGlobalSection
	GlobalSection(ExtensibilityGlobals) = postSolution
		SolutionGuid = {D48FE90F-9D6C-40AC-8F2E-BB01BB891B09}
	EndGlobalSection
EndGlobal
