
Microsoft Visual Studio Solution File, Format Version 12.00
# Visual Studio Version 16
VisualStudioVersion = 16.0.30804.86
MinimumVisualStudioVersion = 10.0.40219.1
Project("{FAE04EC0-301F-11D3-BF4B-00C04F79EFBC}") = "Block3_Task3", "Block3_Task3\Block3_Task3.csproj", "{345B2A4D-3B11-4741-95EC-D7EF3ACE995F}"
EndProject
Global
	GlobalSection(SolutionConfigurationPlatforms) = preSolution
		Debug|Any CPU = Debug|Any CPU
		Release|Any CPU = Release|Any CPU
	EndGlobalSection
	GlobalSection(ProjectConfigurationPlatforms) = postSolution
		{345B2A4D-3B11-4741-95EC-D7EF3ACE995F}.Debug|Any CPU.ActiveCfg = Debug|Any CPU
		{345B2A4D-3B11-4741-95EC-D7EF3ACE995F}.Debug|Any CPU.Build.0 = Debug|Any CPU
		{345B2A4D-3B11-4741-95EC-D7EF3ACE995F}.Release|Any CPU.ActiveCfg = Release|Any CPU
		{345B2A4D-3B11-4741-95EC-D7EF3ACE995F}.Release|Any CPU.Build.0 = Release|Any CPU
	EndGlobalSection
	GlobalSection(SolutionProperties) = preSolution
		HideSolutionNode = FALSE
	EndGlobalSection
	GlobalSection(ExtensibilityGlobals) = postSolution
		SolutionGuid = {F3AE6886-1A6D-4D5C-BC66-5B37CB3C3A06}
	EndGlobalSection
EndGlobal
