
Microsoft Visual Studio Solution File, Format Version 12.00
# Visual Studio Version 16
VisualStudioVersion = 16.0.31005.135
MinimumVisualStudioVersion = 10.0.40219.1
Project("{9A19103F-16F7-4668-BE54-9A1E7A4F7556}") = "Task1", "Task1\Task1.csproj", "{1BA609FE-E0E4-49B2-B770-3CD271347E66}"
EndProject
Project("{2150E333-8FDC-42A3-9474-1A3956D46DE8}") = "Solution Items", "Solution Items", "{1820F4FC-C29E-4917-AB18-7A83C545569F}"
	ProjectSection(SolutionItems) = preProject
		.editorconfig = .editorconfig
	EndProjectSection
EndProject
Project("{9A19103F-16F7-4668-BE54-9A1E7A4F7556}") = "Task2", "Task2\Task2.csproj", "{1BFCE17C-F38B-48BD-ACB0-078C6CF3060F}"
EndProject
Project("{9A19103F-16F7-4668-BE54-9A1E7A4F7556}") = "Task3", "Task3\Task3.csproj", "{92C2B31F-D991-4F28-AB8E-24DBD8D3ABC7}"
EndProject
Project("{FAE04EC0-301F-11D3-BF4B-00C04F79EFBC}") = "Task4", "Task4\Task4.csproj", "{402EB1BE-38A1-472B-9412-20B3C9B52127}"
EndProject
Global
	GlobalSection(SolutionConfigurationPlatforms) = preSolution
		Debug|Any CPU = Debug|Any CPU
		Release|Any CPU = Release|Any CPU
	EndGlobalSection
	GlobalSection(ProjectConfigurationPlatforms) = postSolution
		{1BA609FE-E0E4-49B2-B770-3CD271347E66}.Debug|Any CPU.ActiveCfg = Debug|Any CPU
		{1BA609FE-E0E4-49B2-B770-3CD271347E66}.Debug|Any CPU.Build.0 = Debug|Any CPU
		{1BA609FE-E0E4-49B2-B770-3CD271347E66}.Release|Any CPU.ActiveCfg = Release|Any CPU
		{1BA609FE-E0E4-49B2-B770-3CD271347E66}.Release|Any CPU.Build.0 = Release|Any CPU
		{1BFCE17C-F38B-48BD-ACB0-078C6CF3060F}.Debug|Any CPU.ActiveCfg = Debug|Any CPU
		{1BFCE17C-F38B-48BD-ACB0-078C6CF3060F}.Debug|Any CPU.Build.0 = Debug|Any CPU
		{1BFCE17C-F38B-48BD-ACB0-078C6CF3060F}.Release|Any CPU.ActiveCfg = Release|Any CPU
		{1BFCE17C-F38B-48BD-ACB0-078C6CF3060F}.Release|Any CPU.Build.0 = Release|Any CPU
		{92C2B31F-D991-4F28-AB8E-24DBD8D3ABC7}.Debug|Any CPU.ActiveCfg = Debug|Any CPU
		{92C2B31F-D991-4F28-AB8E-24DBD8D3ABC7}.Debug|Any CPU.Build.0 = Debug|Any CPU
		{92C2B31F-D991-4F28-AB8E-24DBD8D3ABC7}.Release|Any CPU.ActiveCfg = Release|Any CPU
		{92C2B31F-D991-4F28-AB8E-24DBD8D3ABC7}.Release|Any CPU.Build.0 = Release|Any CPU
		{402EB1BE-38A1-472B-9412-20B3C9B52127}.Debug|Any CPU.ActiveCfg = Debug|Any CPU
		{402EB1BE-38A1-472B-9412-20B3C9B52127}.Debug|Any CPU.Build.0 = Debug|Any CPU
		{402EB1BE-38A1-472B-9412-20B3C9B52127}.Release|Any CPU.ActiveCfg = Release|Any CPU
		{402EB1BE-38A1-472B-9412-20B3C9B52127}.Release|Any CPU.Build.0 = Release|Any CPU
	EndGlobalSection
	GlobalSection(SolutionProperties) = preSolution
		HideSolutionNode = FALSE
	EndGlobalSection
	GlobalSection(ExtensibilityGlobals) = postSolution
		SolutionGuid = {E06604F5-8975-4FE3-A40A-04135EB805BE}
	EndGlobalSection
EndGlobal
